github.com/Jack4Code/go-internal-tools v1.0.1 h1:pcnpCVUBOs65iN54pHZBp0r4Po+5vk21hTq4w0yzf08=
github.com/Jack4Code/go-internal-tools v1.0.1/go.mod h1:KkUWrvdA40R33lkuOELodksju3KxJTlRxImMbG0abjQ=
github.com/Jack4Code/go-internal-tools v1.1.0 h1:1ml6i1FJbfuIQkH6pctCYnmiRAIJhQ2H17ogoqEE3Gc=
github.com/Jack4Code/go-internal-tools v1.1.0/go.mod h1:KkUWrvdA40R33lkuOELodksju3KxJTlRxImMbG0abjQ=
github.com/Jack4Code/go-internal-tools v1.2.0 h1:SjRyjohBmmhr5IiJxb/G1mymWoaojA5zJXMgekx/xFs=
github.com/Jack4Code/go-internal-tools v1.2.0/go.mod h1:KkUWrvdA40R33lkuOELodksju3KxJTlRxImMbG0abjQ=
